// !$*UTF8*$!
{
	archiveVersion = 1;
	classes = {
	};
	objectVersion = 50;
	objects = {

/* Begin PBXBuildFile section */
		AD5EA8E9251E6C1400AA5ED7 /* RSSFeedResponse.json in Resources */ = {isa = PBXBuildFile; fileRef = AD5EA8E8251E6C1400AA5ED7 /* RSSFeedResponse.json */; };
		AD65A2FD251AC30A0093A5E2 /* AlbumListViewModel.swift in Sources */ = {isa = PBXBuildFile; fileRef = AD65A2FC251AC30A0093A5E2 /* AlbumListViewModel.swift */; };
		AD65A303251AC32D0093A5E2 /* Results.swift in Sources */ = {isa = PBXBuildFile; fileRef = AD65A302251AC32D0093A5E2 /* Results.swift */; };
		AD65A308251AC3500093A5E2 /* RSSFeed.swift in Sources */ = {isa = PBXBuildFile; fileRef = AD65A307251AC3500093A5E2 /* RSSFeed.swift */; };
		AD65A30D251AC35F0093A5E2 /* Genres.swift in Sources */ = {isa = PBXBuildFile; fileRef = AD65A30C251AC35F0093A5E2 /* Genres.swift */; };
		AD65A321251AC76A0093A5E2 /* AlbumDetailViewModel.swift in Sources */ = {isa = PBXBuildFile; fileRef = AD65A320251AC76A0093A5E2 /* AlbumDetailViewModel.swift */; };
		AD65A326251AC7860093A5E2 /* AlbumDetailViewController.swift in Sources */ = {isa = PBXBuildFile; fileRef = AD65A325251AC7860093A5E2 /* AlbumDetailViewController.swift */; };
		AD65A32B251AC7C00093A5E2 /* WebViewController.swift in Sources */ = {isa = PBXBuildFile; fileRef = AD65A32A251AC7C00093A5E2 /* WebViewController.swift */; };
		AD72F1BE251ABE2100FF84D7 /* AppDelegate.swift in Sources */ = {isa = PBXBuildFile; fileRef = AD72F1BD251ABE2100FF84D7 /* AppDelegate.swift */; };
		AD72F1C0251ABE2100FF84D7 /* SceneDelegate.swift in Sources */ = {isa = PBXBuildFile; fileRef = AD72F1BF251ABE2100FF84D7 /* SceneDelegate.swift */; };
		AD72F1C2251ABE2100FF84D7 /* AlbumListViewController.swift in Sources */ = {isa = PBXBuildFile; fileRef = AD72F1C1251ABE2100FF84D7 /* AlbumListViewController.swift */; };
		AD72F1C7251ABE2400FF84D7 /* Assets.xcassets in Resources */ = {isa = PBXBuildFile; fileRef = AD72F1C6251ABE2400FF84D7 /* Assets.xcassets */; };
		AD72F1CA251ABE2400FF84D7 /* LaunchScreen.storyboard in Resources */ = {isa = PBXBuildFile; fileRef = AD72F1C8251ABE2400FF84D7 /* LaunchScreen.storyboard */; };
		AD72F1D5251ABE2400FF84D7 /* NikeAssessmentTests.swift in Sources */ = {isa = PBXBuildFile; fileRef = AD72F1D4251ABE2400FF84D7 /* NikeAssessmentTests.swift */; };
		AD72F203251ABF3200FF84D7 /* Network.swift in Sources */ = {isa = PBXBuildFile; fileRef = AD72F202251ABF3200FF84D7 /* Network.swift */; };
		AD72F208251ABF7B00FF84D7 /* AppConstants.swift in Sources */ = {isa = PBXBuildFile; fileRef = AD72F207251ABF7B00FF84D7 /* AppConstants.swift */; };
		AD7958912520F4280092F97F /* JSONHelper.swift in Sources */ = {isa = PBXBuildFile; fileRef = AD7958902520F4280092F97F /* JSONHelper.swift */; };
		AD7958A42520F7E00092F97F /* MockAlbumFetchService.swift in Sources */ = {isa = PBXBuildFile; fileRef = AD7958A32520F7E00092F97F /* MockAlbumFetchService.swift */; };
		AD7958A82520F8B30092F97F /* EmptyResponse.json in Resources */ = {isa = PBXBuildFile; fileRef = AD7958A72520F8B30092F97F /* EmptyResponse.json */; };
		AD7958B22520FC470092F97F /* AlbumFetchNetworkService.swift in Sources */ = {isa = PBXBuildFile; fileRef = AD7958B12520FC470092F97F /* AlbumFetchNetworkService.swift */; };
		ADDFE67B251ACED1003E0AAF /* SpinnerView.swift in Sources */ = {isa = PBXBuildFile; fileRef = ADDFE67A251ACED1003E0AAF /* SpinnerView.swift */; };
		ADDFE683251AD0F4003E0AAF /* AlbumTableViewCell.swift in Sources */ = {isa = PBXBuildFile; fileRef = ADDFE682251AD0F4003E0AAF /* AlbumTableViewCell.swift */; };
/* End PBXBuildFile section */

/* Begin PBXContainerItemProxy section */
		AD72F1D1251ABE2400FF84D7 /* PBXContainerItemProxy */ = {
			isa = PBXContainerItemProxy;
			containerPortal = AD72F1B2251ABE2100FF84D7 /* Project object */;
			proxyType = 1;
			remoteGlobalIDString = AD72F1B9251ABE2100FF84D7;
			remoteInfo = NikeAssessment;
		};
/* End PBXContainerItemProxy section */

/* Begin PBXFileReference section */
		AD5EA8E8251E6C1400AA5ED7 /* RSSFeedResponse.json */ = {isa = PBXFileReference; lastKnownFileType = text.json; path = RSSFeedResponse.json; sourceTree = "<group>"; };
		AD65A2FC251AC30A0093A5E2 /* AlbumListViewModel.swift */ = {isa = PBXFileReference; lastKnownFileType = sourcecode.swift; path = AlbumListViewModel.swift; sourceTree = "<group>"; };
		AD65A302251AC32D0093A5E2 /* Results.swift */ = {isa = PBXFileReference; lastKnownFileType = sourcecode.swift; path = Results.swift; sourceTree = "<group>"; };
		AD65A307251AC3500093A5E2 /* RSSFeed.swift */ = {isa = PBXFileReference; lastKnownFileType = sourcecode.swift; path = RSSFeed.swift; sourceTree = "<group>"; };
		AD65A30C251AC35F0093A5E2 /* Genres.swift */ = {isa = PBXFileReference; lastKnownFileType = sourcecode.swift; path = Genres.swift; sourceTree = "<group>"; };
		AD65A320251AC76A0093A5E2 /* AlbumDetailViewModel.swift */ = {isa = PBXFileReference; lastKnownFileType = sourcecode.swift; path = AlbumDetailViewModel.swift; sourceTree = "<group>"; };
		AD65A325251AC7860093A5E2 /* AlbumDetailViewController.swift */ = {isa = PBXFileReference; lastKnownFileType = sourcecode.swift; path = AlbumDetailViewController.swift; sourceTree = "<group>"; };
		AD65A32A251AC7C00093A5E2 /* WebViewController.swift */ = {isa = PBXFileReference; lastKnownFileType = sourcecode.swift; path = WebViewController.swift; sourceTree = "<group>"; };
		AD72F1BA251ABE2100FF84D7 /* NikeAssessment.app */ = {isa = PBXFileReference; explicitFileType = wrapper.application; includeInIndex = 0; path = NikeAssessment.app; sourceTree = BUILT_PRODUCTS_DIR; };
		AD72F1BD251ABE2100FF84D7 /* AppDelegate.swift */ = {isa = PBXFileReference; lastKnownFileType = sourcecode.swift; path = AppDelegate.swift; sourceTree = "<group>"; };
		AD72F1BF251ABE2100FF84D7 /* SceneDelegate.swift */ = {isa = PBXFileReference; lastKnownFileType = sourcecode.swift; path = SceneDelegate.swift; sourceTree = "<group>"; };
		AD72F1C1251ABE2100FF84D7 /* AlbumListViewController.swift */ = {isa = PBXFileReference; lastKnownFileType = sourcecode.swift; path = AlbumListViewController.swift; sourceTree = "<group>"; };
		AD72F1C6251ABE2400FF84D7 /* Assets.xcassets */ = {isa = PBXFileReference; lastKnownFileType = folder.assetcatalog; path = Assets.xcassets; sourceTree = "<group>"; };
		AD72F1C9251ABE2400FF84D7 /* Base */ = {isa = PBXFileReference; lastKnownFileType = file.storyboard; name = Base; path = Base.lproj/LaunchScreen.storyboard; sourceTree = "<group>"; };
		AD72F1CB251ABE2400FF84D7 /* Info.plist */ = {isa = PBXFileReference; lastKnownFileType = text.plist.xml; name = Info.plist; path = NikeAssessment/Plist/Info.plist; sourceTree = SOURCE_ROOT; };
		AD72F1D0251ABE2400FF84D7 /* NikeAssessmentTests.xctest */ = {isa = PBXFileReference; explicitFileType = wrapper.cfbundle; includeInIndex = 0; path = NikeAssessmentTests.xctest; sourceTree = BUILT_PRODUCTS_DIR; };
		AD72F1D4251ABE2400FF84D7 /* NikeAssessmentTests.swift */ = {isa = PBXFileReference; lastKnownFileType = sourcecode.swift; path = NikeAssessmentTests.swift; sourceTree = "<group>"; };
		AD72F1D6251ABE2400FF84D7 /* Info.plist */ = {isa = PBXFileReference; lastKnownFileType = text.plist.xml; name = Info.plist; path = NikeAssessmentTests/Info.plist; sourceTree = SOURCE_ROOT; };
		AD72F202251ABF3200FF84D7 /* Network.swift */ = {isa = PBXFileReference; lastKnownFileType = sourcecode.swift; path = Network.swift; sourceTree = "<group>"; };
		AD72F207251ABF7B00FF84D7 /* AppConstants.swift */ = {isa = PBXFileReference; lastKnownFileType = sourcecode.swift; path = AppConstants.swift; sourceTree = "<group>"; };
		AD7958902520F4280092F97F /* JSONHelper.swift */ = {isa = PBXFileReference; lastKnownFileType = sourcecode.swift; path = JSONHelper.swift; sourceTree = "<group>"; };
		AD7958A32520F7E00092F97F /* MockAlbumFetchService.swift */ = {isa = PBXFileReference; lastKnownFileType = sourcecode.swift; path = MockAlbumFetchService.swift; sourceTree = "<group>"; };
		AD7958A72520F8B30092F97F /* EmptyResponse.json */ = {isa = PBXFileReference; fileEncoding = 4; lastKnownFileType = text.json; path = EmptyResponse.json; sourceTree = "<group>"; };
		AD7958B12520FC470092F97F /* AlbumFetchNetworkService.swift */ = {isa = PBXFileReference; lastKnownFileType = sourcecode.swift; path = AlbumFetchNetworkService.swift; sourceTree = "<group>"; };
		ADDFE67A251ACED1003E0AAF /* SpinnerView.swift */ = {isa = PBXFileReference; lastKnownFileType = sourcecode.swift; path = SpinnerView.swift; sourceTree = "<group>"; };
		ADDFE682251AD0F4003E0AAF /* AlbumTableViewCell.swift */ = {isa = PBXFileReference; lastKnownFileType = sourcecode.swift; path = AlbumTableViewCell.swift; sourceTree = "<group>"; };
/* End PBXFileReference section */

/* Begin PBXFrameworksBuildPhase section */
		AD72F1B7251ABE2100FF84D7 /* Frameworks */ = {
			isa = PBXFrameworksBuildPhase;
			buildActionMask = 2147483647;
			files = (
			);
			runOnlyForDeploymentPostprocessing = 0;
		};
		AD72F1CD251ABE2400FF84D7 /* Frameworks */ = {
			isa = PBXFrameworksBuildPhase;
			buildActionMask = 2147483647;
			files = (
			);
			runOnlyForDeploymentPostprocessing = 0;
		};
/* End PBXFrameworksBuildPhase section */

/* Begin PBXGroup section */
		AD5EA8E7251E6BE000AA5ED7 /* MockData */ = {
			isa = PBXGroup;
			children = (
				AD7958A72520F8B30092F97F /* EmptyResponse.json */,
				AD5EA8E8251E6C1400AA5ED7 /* RSSFeedResponse.json */,
			);
			path = MockData;
			sourceTree = "<group>";
		};
		AD65A301251AC31D0093A5E2 /* Models */ = {
			isa = PBXGroup;
			children = (
				AD65A302251AC32D0093A5E2 /* Results.swift */,
				AD65A307251AC3500093A5E2 /* RSSFeed.swift */,
				AD65A30C251AC35F0093A5E2 /* Genres.swift */,
			);
			path = Models;
			sourceTree = "<group>";
		};
		AD72F1B1251ABE2100FF84D7 = {
			isa = PBXGroup;
			children = (
				AD72F1BC251ABE2100FF84D7 /* NikeAssessment */,
				AD72F1D3251ABE2400FF84D7 /* NikeAssessmentTests */,
				AD72F1BB251ABE2100FF84D7 /* Products */,
			);
			sourceTree = "<group>";
		};
		AD72F1BB251ABE2100FF84D7 /* Products */ = {
			isa = PBXGroup;
			children = (
				AD72F1BA251ABE2100FF84D7 /* NikeAssessment.app */,
				AD72F1D0251ABE2400FF84D7 /* NikeAssessmentTests.xctest */,
			);
			name = Products;
			sourceTree = "<group>";
		};
		AD72F1BC251ABE2100FF84D7 /* NikeAssessment */ = {
			isa = PBXGroup;
			children = (
				ADDFE679251ACEBC003E0AAF /* View */,
				AD65A301251AC31D0093A5E2 /* Models */,
				AD72F1F5251ABE7000FF84D7 /* Assets */,
				AD72F200251ABF0B00FF84D7 /* Constants */,
				AD72F1F3251ABE4B00FF84D7 /* Delegates */,
				AD72F1FF251ABF0300FF84D7 /* Networking */,
				AD72F1F7251ABE9200FF84D7 /* Plist */,
				AD72F1F6251ABE7F00FF84D7 /* Storyboard */,
				AD72F201251ABF1500FF84D7 /* TableViewCells */,
				AD72F1F4251ABE6000FF84D7 /* ViewControllers */,
				AD72F1FE251ABEF700FF84D7 /* ViewModels */,
			);
			path = NikeAssessment;
			sourceTree = "<group>";
		};
		AD72F1D3251ABE2400FF84D7 /* NikeAssessmentTests */ = {
			isa = PBXGroup;
			children = (
				AD5EA8E7251E6BE000AA5ED7 /* MockData */,
				AD72F1D4251ABE2400FF84D7 /* NikeAssessmentTests.swift */,
				AD7958902520F4280092F97F /* JSONHelper.swift */,
				AD7958A32520F7E00092F97F /* MockAlbumFetchService.swift */,
				AD72F1D6251ABE2400FF84D7 /* Info.plist */,
			);
			path = NikeAssessmentTests;
			sourceTree = "<group>";
		};
		AD72F1F3251ABE4B00FF84D7 /* Delegates */ = {
			isa = PBXGroup;
			children = (
				AD72F1BD251ABE2100FF84D7 /* AppDelegate.swift */,
				AD72F1BF251ABE2100FF84D7 /* SceneDelegate.swift */,
			);
			path = Delegates;
			sourceTree = "<group>";
		};
		AD72F1F4251ABE6000FF84D7 /* ViewControllers */ = {
			isa = PBXGroup;
			children = (
				AD72F1C1251ABE2100FF84D7 /* AlbumListViewController.swift */,
				AD65A325251AC7860093A5E2 /* AlbumDetailViewController.swift */,
				AD65A32A251AC7C00093A5E2 /* WebViewController.swift */,
			);
			path = ViewControllers;
			sourceTree = "<group>";
		};
		AD72F1F5251ABE7000FF84D7 /* Assets */ = {
			isa = PBXGroup;
			children = (
				AD72F1C6251ABE2400FF84D7 /* Assets.xcassets */,
			);
			path = Assets;
			sourceTree = "<group>";
		};
		AD72F1F6251ABE7F00FF84D7 /* Storyboard */ = {
			isa = PBXGroup;
			children = (
				AD72F1C8251ABE2400FF84D7 /* LaunchScreen.storyboard */,
			);
			path = Storyboard;
			sourceTree = "<group>";
		};
		AD72F1F7251ABE9200FF84D7 /* Plist */ = {
			isa = PBXGroup;
			children = (
				AD72F1CB251ABE2400FF84D7 /* Info.plist */,
			);
			path = Plist;
			sourceTree = "<group>";
		};
		AD72F1FE251ABEF700FF84D7 /* ViewModels */ = {
			isa = PBXGroup;
			children = (
				AD65A2FC251AC30A0093A5E2 /* AlbumListViewModel.swift */,
				AD65A320251AC76A0093A5E2 /* AlbumDetailViewModel.swift */,
			);
			path = ViewModels;
			sourceTree = "<group>";
		};
		AD72F1FF251ABF0300FF84D7 /* Networking */ = {
			isa = PBXGroup;
			children = (
				AD72F202251ABF3200FF84D7 /* Network.swift */,
				AD7958B12520FC470092F97F /* AlbumFetchNetworkService.swift */,
			);
			path = Networking;
			sourceTree = "<group>";
		};
		AD72F200251ABF0B00FF84D7 /* Constants */ = {
			isa = PBXGroup;
			children = (
				AD72F207251ABF7B00FF84D7 /* AppConstants.swift */,
			);
			path = Constants;
			sourceTree = "<group>";
		};
		AD72F201251ABF1500FF84D7 /* TableViewCells */ = {
			isa = PBXGroup;
			children = (
				ADDFE682251AD0F4003E0AAF /* AlbumTableViewCell.swift */,
			);
			path = TableViewCells;
			sourceTree = "<group>";
		};
		ADDFE679251ACEBC003E0AAF /* View */ = {
			isa = PBXGroup;
			children = (
				ADDFE67A251ACED1003E0AAF /* SpinnerView.swift */,
			);
			path = View;
			sourceTree = "<group>";
		};
/* End PBXGroup section */

/* Begin PBXNativeTarget section */
		AD72F1B9251ABE2100FF84D7 /* NikeAssessment */ = {
			isa = PBXNativeTarget;
			buildConfigurationList = AD72F1E4251ABE2500FF84D7 /* Build configuration list for PBXNativeTarget "NikeAssessment" */;
			buildPhases = (
				AD72F1B6251ABE2100FF84D7 /* Sources */,
				AD72F1B7251ABE2100FF84D7 /* Frameworks */,
				AD72F1B8251ABE2100FF84D7 /* Resources */,
			);
			buildRules = (
			);
			dependencies = (
			);
			name = NikeAssessment;
			productName = NikeAssessment;
			productReference = AD72F1BA251ABE2100FF84D7 /* NikeAssessment.app */;
			productType = "com.apple.product-type.application";
		};
		AD72F1CF251ABE2400FF84D7 /* NikeAssessmentTests */ = {
			isa = PBXNativeTarget;
			buildConfigurationList = AD72F1E7251ABE2500FF84D7 /* Build configuration list for PBXNativeTarget "NikeAssessmentTests" */;
			buildPhases = (
				AD72F1CC251ABE2400FF84D7 /* Sources */,
				AD72F1CD251ABE2400FF84D7 /* Frameworks */,
				AD72F1CE251ABE2400FF84D7 /* Resources */,
			);
			buildRules = (
			);
			dependencies = (
				AD72F1D2251ABE2400FF84D7 /* PBXTargetDependency */,
			);
			name = NikeAssessmentTests;
			productName = NikeAssessmentTests;
			productReference = AD72F1D0251ABE2400FF84D7 /* NikeAssessmentTests.xctest */;
			productType = "com.apple.product-type.bundle.unit-test";
		};
/* End PBXNativeTarget section */

/* Begin PBXProject section */
		AD72F1B2251ABE2100FF84D7 /* Project object */ = {
			isa = PBXProject;
			attributes = {
				LastSwiftUpdateCheck = 1200;
				LastUpgradeCheck = 1200;
				TargetAttributes = {
					AD72F1B9251ABE2100FF84D7 = {
						CreatedOnToolsVersion = 12.0;
					};
					AD72F1CF251ABE2400FF84D7 = {
						CreatedOnToolsVersion = 12.0;
						TestTargetID = AD72F1B9251ABE2100FF84D7;
					};
				};
			};
			buildConfigurationList = AD72F1B5251ABE2100FF84D7 /* Build configuration list for PBXProject "NikeAssessment" */;
			compatibilityVersion = "Xcode 9.3";
			developmentRegion = en;
			hasScannedForEncodings = 0;
			knownRegions = (
				en,
				Base,
			);
			mainGroup = AD72F1B1251ABE2100FF84D7;
			productRefGroup = AD72F1BB251ABE2100FF84D7 /* Products */;
			projectDirPath = "";
			projectRoot = "";
			targets = (
				AD72F1B9251ABE2100FF84D7 /* NikeAssessment */,
				AD72F1CF251ABE2400FF84D7 /* NikeAssessmentTests */,
			);
		};
/* End PBXProject section */

/* Begin PBXResourcesBuildPhase section */
		AD72F1B8251ABE2100FF84D7 /* Resources */ = {
			isa = PBXResourcesBuildPhase;
			buildActionMask = 2147483647;
			files = (
				AD72F1CA251ABE2400FF84D7 /* LaunchScreen.storyboard in Resources */,
				AD72F1C7251ABE2400FF84D7 /* Assets.xcassets in Resources */,
			);
			runOnlyForDeploymentPostprocessing = 0;
		};
		AD72F1CE251ABE2400FF84D7 /* Resources */ = {
			isa = PBXResourcesBuildPhase;
			buildActionMask = 2147483647;
			files = (
				AD7958A82520F8B30092F97F /* EmptyResponse.json in Resources */,
				AD5EA8E9251E6C1400AA5ED7 /* RSSFeedResponse.json in Resources */,
			);
			runOnlyForDeploymentPostprocessing = 0;
		};
/* End PBXResourcesBuildPhase section */

/* Begin PBXSourcesBuildPhase section */
		AD72F1B6251ABE2100FF84D7 /* Sources */ = {
			isa = PBXSourcesBuildPhase;
			buildActionMask = 2147483647;
			files = (
				AD65A30D251AC35F0093A5E2 /* Genres.swift in Sources */,
				ADDFE67B251ACED1003E0AAF /* SpinnerView.swift in Sources */,
				AD72F1C2251ABE2100FF84D7 /* AlbumListViewController.swift in Sources */,
				AD7958B22520FC470092F97F /* AlbumFetchNetworkService.swift in Sources */,
				AD65A308251AC3500093A5E2 /* RSSFeed.swift in Sources */,
				AD65A326251AC7860093A5E2 /* AlbumDetailViewController.swift in Sources */,
				AD72F1BE251ABE2100FF84D7 /* AppDelegate.swift in Sources */,
				AD65A303251AC32D0093A5E2 /* Results.swift in Sources */,
				AD65A2FD251AC30A0093A5E2 /* AlbumListViewModel.swift in Sources */,
				AD65A32B251AC7C00093A5E2 /* WebViewController.swift in Sources */,
				AD72F1C0251ABE2100FF84D7 /* SceneDelegate.swift in Sources */,
				AD72F203251ABF3200FF84D7 /* Network.swift in Sources */,
				ADDFE683251AD0F4003E0AAF /* AlbumTableViewCell.swift in Sources */,
				AD72F208251ABF7B00FF84D7 /* AppConstants.swift in Sources */,
				AD65A321251AC76A0093A5E2 /* AlbumDetailViewModel.swift in Sources */,
			);
			runOnlyForDeploymentPostprocessing = 0;
		};
		AD72F1CC251ABE2400FF84D7 /* Sources */ = {
			isa = PBXSourcesBuildPhase;
			buildActionMask = 2147483647;
			files = (
				AD7958A42520F7E00092F97F /* MockAlbumFetchService.swift in Sources */,
				AD72F1D5251ABE2400FF84D7 /* NikeAssessmentTests.swift in Sources */,
				AD7958912520F4280092F97F /* JSONHelper.swift in Sources */,
			);
			runOnlyForDeploymentPostprocessing = 0;
		};
/* End PBXSourcesBuildPhase section */

/* Begin PBXTargetDependency section */
		AD72F1D2251ABE2400FF84D7 /* PBXTargetDependency */ = {
			isa = PBXTargetDependency;
			target = AD72F1B9251ABE2100FF84D7 /* NikeAssessment */;
			targetProxy = AD72F1D1251ABE2400FF84D7 /* PBXContainerItemProxy */;
		};
/* End PBXTargetDependency section */

/* Begin PBXVariantGroup section */
		AD72F1C8251ABE2400FF84D7 /* LaunchScreen.storyboard */ = {
			isa = PBXVariantGroup;
			children = (
				AD72F1C9251ABE2400FF84D7 /* Base */,
			);
			name = LaunchScreen.storyboard;
			sourceTree = "<group>";
		};
/* End PBXVariantGroup section */

/* Begin XCBuildConfiguration section */
		AD72F1E2251ABE2500FF84D7 /* Debug */ = {
			isa = XCBuildConfiguration;
			buildSettings = {
				ALWAYS_SEARCH_USER_PATHS = NO;
				CLANG_ANALYZER_NONNULL = YES;
				CLANG_ANALYZER_NUMBER_OBJECT_CONVERSION = YES_AGGRESSIVE;
				CLANG_CXX_LANGUAGE_STANDARD = "gnu++14";
				CLANG_CXX_LIBRARY = "libc++";
				CLANG_ENABLE_MODULES = YES;
				CLANG_ENABLE_OBJC_ARC = YES;
				CLANG_ENABLE_OBJC_WEAK = YES;
				CLANG_WARN_BLOCK_CAPTURE_AUTORELEASING = YES;
				CLANG_WARN_BOOL_CONVERSION = YES;
				CLANG_WARN_COMMA = YES;
				CLANG_WARN_CONSTANT_CONVERSION = YES;
				CLANG_WARN_DEPRECATED_OBJC_IMPLEMENTATIONS = YES;
				CLANG_WARN_DIRECT_OBJC_ISA_USAGE = YES_ERROR;
				CLANG_WARN_DOCUMENTATION_COMMENTS = YES;
				CLANG_WARN_EMPTY_BODY = YES;
				CLANG_WARN_ENUM_CONVERSION = YES;
				CLANG_WARN_INFINITE_RECURSION = YES;
				CLANG_WARN_INT_CONVERSION = YES;
				CLANG_WARN_NON_LITERAL_NULL_CONVERSION = YES;
				CLANG_WARN_OBJC_IMPLICIT_RETAIN_SELF = YES;
				CLANG_WARN_OBJC_LITERAL_CONVERSION = YES;
				CLANG_WARN_OBJC_ROOT_CLASS = YES_ERROR;
				CLANG_WARN_QUOTED_INCLUDE_IN_FRAMEWORK_HEADER = YES;
				CLANG_WARN_RANGE_LOOP_ANALYSIS = YES;
				CLANG_WARN_STRICT_PROTOTYPES = YES;
				CLANG_WARN_SUSPICIOUS_MOVE = YES;
				CLANG_WARN_UNGUARDED_AVAILABILITY = YES_AGGRESSIVE;
				CLANG_WARN_UNREACHABLE_CODE = YES;
				CLANG_WARN__DUPLICATE_METHOD_MATCH = YES;
				COPY_PHASE_STRIP = NO;
				DEBUG_INFORMATION_FORMAT = dwarf;
				ENABLE_STRICT_OBJC_MSGSEND = YES;
				ENABLE_TESTABILITY = YES;
				GCC_C_LANGUAGE_STANDARD = gnu11;
				GCC_DYNAMIC_NO_PIC = NO;
				GCC_NO_COMMON_BLOCKS = YES;
				GCC_OPTIMIZATION_LEVEL = 0;
				GCC_PREPROCESSOR_DEFINITIONS = (
					"DEBUG=1",
					"$(inherited)",
				);
				GCC_WARN_64_TO_32_BIT_CONVERSION = YES;
				GCC_WARN_ABOUT_RETURN_TYPE = YES_ERROR;
				GCC_WARN_UNDECLARED_SELECTOR = YES;
				GCC_WARN_UNINITIALIZED_AUTOS = YES_AGGRESSIVE;
				GCC_WARN_UNUSED_FUNCTION = YES;
				GCC_WARN_UNUSED_VARIABLE = YES;
				IPHONEOS_DEPLOYMENT_TARGET = 14.0;
				MTL_ENABLE_DEBUG_INFO = INCLUDE_SOURCE;
				MTL_FAST_MATH = YES;
				ONLY_ACTIVE_ARCH = YES;
				SDKROOT = iphoneos;
				SWIFT_ACTIVE_COMPILATION_CONDITIONS = DEBUG;
				SWIFT_OPTIMIZATION_LEVEL = "-Onone";
			};
			name = Debug;
		};
		AD72F1E3251ABE2500FF84D7 /* Release */ = {
			isa = XCBuildConfiguration;
			buildSettings = {
				ALWAYS_SEARCH_USER_PATHS = NO;
				CLANG_ANALYZER_NONNULL = YES;
				CLANG_ANALYZER_NUMBER_OBJECT_CONVERSION = YES_AGGRESSIVE;
				CLANG_CXX_LANGUAGE_STANDARD = "gnu++14";
				CLANG_CXX_LIBRARY = "libc++";
				CLANG_ENABLE_MODULES = YES;
				CLANG_ENABLE_OBJC_ARC = YES;
				CLANG_ENABLE_OBJC_WEAK = YES;
				CLANG_WARN_BLOCK_CAPTURE_AUTORELEASING = YES;
				CLANG_WARN_BOOL_CONVERSION = YES;
				CLANG_WARN_COMMA = YES;
				CLANG_WARN_CONSTANT_CONVERSION = YES;
				CLANG_WARN_DEPRECATED_OBJC_IMPLEMENTATIONS = YES;
				CLANG_WARN_DIRECT_OBJC_ISA_USAGE = YES_ERROR;
				CLANG_WARN_DOCUMENTATION_COMMENTS = YES;
				CLANG_WARN_EMPTY_BODY = YES;
				CLANG_WARN_ENUM_CONVERSION = YES;
				CLANG_WARN_INFINITE_RECURSION = YES;
				CLANG_WARN_INT_CONVERSION = YES;
				CLANG_WARN_NON_LITERAL_NULL_CONVERSION = YES;
				CLANG_WARN_OBJC_IMPLICIT_RETAIN_SELF = YES;
				CLANG_WARN_OBJC_LITERAL_CONVERSION = YES;
				CLANG_WARN_OBJC_ROOT_CLASS = YES_ERROR;
				CLANG_WARN_QUOTED_INCLUDE_IN_FRAMEWORK_HEADER = YES;
				CLANG_WARN_RANGE_LOOP_ANALYSIS = YES;
				CLANG_WARN_STRICT_PROTOTYPES = YES;
				CLANG_WARN_SUSPICIOUS_MOVE = YES;
				CLANG_WARN_UNGUARDED_AVAILABILITY = YES_AGGRESSIVE;
				CLANG_WARN_UNREACHABLE_CODE = YES;
				CLANG_WARN__DUPLICATE_METHOD_MATCH = YES;
				COPY_PHASE_STRIP = NO;
				DEBUG_INFORMATION_FORMAT = "dwarf-with-dsym";
				ENABLE_NS_ASSERTIONS = NO;
				ENABLE_STRICT_OBJC_MSGSEND = YES;
				GCC_C_LANGUAGE_STANDARD = gnu11;
				GCC_NO_COMMON_BLOCKS = YES;
				GCC_WARN_64_TO_32_BIT_CONVERSION = YES;
				GCC_WARN_ABOUT_RETURN_TYPE = YES_ERROR;
				GCC_WARN_UNDECLARED_SELECTOR = YES;
				GCC_WARN_UNINITIALIZED_AUTOS = YES_AGGRESSIVE;
				GCC_WARN_UNUSED_FUNCTION = YES;
				GCC_WARN_UNUSED_VARIABLE = YES;
				IPHONEOS_DEPLOYMENT_TARGET = 14.0;
				MTL_ENABLE_DEBUG_INFO = NO;
				MTL_FAST_MATH = YES;
				SDKROOT = iphoneos;
				SWIFT_COMPILATION_MODE = wholemodule;
				SWIFT_OPTIMIZATION_LEVEL = "-O";
				VALIDATE_PRODUCT = YES;
			};
			name = Release;
		};
		AD72F1E5251ABE2500FF84D7 /* Debug */ = {
			isa = XCBuildConfiguration;
			buildSettings = {
				ASSETCATALOG_COMPILER_APPICON_NAME = AppIcon;
				ASSETCATALOG_COMPILER_GLOBAL_ACCENT_COLOR_NAME = AccentColor;
				CODE_SIGN_STYLE = Automatic;
				INFOPLIST_FILE = NikeAssessment/Plist/Info.plist;
				LD_RUNPATH_SEARCH_PATHS = (
					"$(inherited)",
					"@executable_path/Frameworks",
				);
				PRODUCT_BUNDLE_IDENTIFIER = com.revanth.NikeAssessment;
				PRODUCT_NAME = "$(TARGET_NAME)";
				SWIFT_VERSION = 5.0;
				TARGETED_DEVICE_FAMILY = "1,2";
			};
			name = Debug;
		};
		AD72F1E6251ABE2500FF84D7 /* Release */ = {
			isa = XCBuildConfiguration;
			buildSettings = {
				ASSETCATALOG_COMPILER_APPICON_NAME = AppIcon;
				ASSETCATALOG_COMPILER_GLOBAL_ACCENT_COLOR_NAME = AccentColor;
				CODE_SIGN_STYLE = Automatic;
				INFOPLIST_FILE = NikeAssessment/Plist/Info.plist;
				LD_RUNPATH_SEARCH_PATHS = (
					"$(inherited)",
					"@executable_path/Frameworks",
				);
				PRODUCT_BUNDLE_IDENTIFIER = com.revanth.NikeAssessment;
				PRODUCT_NAME = "$(TARGET_NAME)";
				SWIFT_VERSION = 5.0;
				TARGETED_DEVICE_FAMILY = "1,2";
			};
			name = Release;
		};
		AD72F1E8251ABE2500FF84D7 /* Debug */ = {
			isa = XCBuildConfiguration;
			buildSettings = {
				ALWAYS_EMBED_SWIFT_STANDARD_LIBRARIES = YES;
				BUNDLE_LOADER = "$(TEST_HOST)";
				CODE_SIGN_STYLE = Automatic;
				INFOPLIST_FILE = NikeAssessmentTests/Info.plist;
				IPHONEOS_DEPLOYMENT_TARGET = 14.0;
				LD_RUNPATH_SEARCH_PATHS = (
					"$(inherited)",
					"@executable_path/Frameworks",
					"@loader_path/Frameworks",
				);
				PRODUCT_BUNDLE_IDENTIFIER = com.revanth.NikeAssessmentTests;
				PRODUCT_NAME = "$(TARGET_NAME)";
				SWIFT_VERSION = 5.0;
				TARGETED_DEVICE_FAMILY = "1,2";
				TEST_HOST = "$(BUILT_PRODUCTS_DIR)/NikeAssessment.app/NikeAssessment";
			};
			name = Debug;
		};
		AD72F1E9251ABE2500FF84D7 /* Release */ = {
			isa = XCBuildConfiguration;
			buildSettings = {
				ALWAYS_EMBED_SWIFT_STANDARD_LIBRARIES = YES;
				BUNDLE_LOADER = "$(TEST_HOST)";
				CODE_SIGN_STYLE = Automatic;
				INFOPLIST_FILE = NikeAssessmentTests/Info.plist;
				IPHONEOS_DEPLOYMENT_TARGET = 14.0;
				LD_RUNPATH_SEARCH_PATHS = (
					"$(inherited)",
					"@executable_path/Frameworks",
					"@loader_path/Frameworks",
				);
				PRODUCT_BUNDLE_IDENTIFIER = com.revanth.NikeAssessmentTests;
				PRODUCT_NAME = "$(TARGET_NAME)";
				SWIFT_VERSION = 5.0;
				TARGETED_DEVICE_FAMILY = "1,2";
				TEST_HOST = "$(BUILT_PRODUCTS_DIR)/NikeAssessment.app/NikeAssessment";
			};
			name = Release;
		};
/* End XCBuildConfiguration section */

/* Begin XCConfigurationList section */
		AD72F1B5251ABE2100FF84D7 /* Build configuration list for PBXProject "NikeAssessment" */ = {
			isa = XCConfigurationList;
			buildConfigurations = (
				AD72F1E2251ABE2500FF84D7 /* Debug */,
				AD72F1E3251ABE2500FF84D7 /* Release */,
			);
			defaultConfigurationIsVisible = 0;
			defaultConfigurationName = Release;
		};
		AD72F1E4251ABE2500FF84D7 /* Build configuration list for PBXNativeTarget "NikeAssessment" */ = {
			isa = XCConfigurationList;
			buildConfigurations = (
				AD72F1E5251ABE2500FF84D7 /* Debug */,
				AD72F1E6251ABE2500FF84D7 /* Release */,
			);
			defaultConfigurationIsVisible = 0;
			defaultConfigurationName = Release;
		};
		AD72F1E7251ABE2500FF84D7 /* Build configuration list for PBXNativeTarget "NikeAssessmentTests" */ = {
			isa = XCConfigurationList;
			buildConfigurations = (
				AD72F1E8251ABE2500FF84D7 /* Debug */,
				AD72F1E9251ABE2500FF84D7 /* Release */,
			);
			defaultConfigurationIsVisible = 0;
			defaultConfigurationName = Release;
		};
/* End XCConfigurationList section */
	};
	rootObject = AD72F1B2251ABE2100FF84D7 /* Project object */;
}
